
Microsoft Visual Studio Solution File, Format Version 12.00
# Visual Studio Version 17
VisualStudioVersion = 17.11.35303.130
MinimumVisualStudioVersion = 10.0.40219.1
Project("{FAE04EC0-301F-11D3-BF4B-00C04F79EFBC}") = "PRD", "PRD\PRD.csproj", "{B8D2E782-5528-4784-9776-815BAA6BAABF}"
EndProject
Global
	GlobalSection(SolutionConfigurationPlatforms) = preSolution
		Debug|Any CPU = Debug|Any CPU
		Release|Any CPU = Release|Any CPU
	EndGlobalSection
	GlobalSection(ProjectConfigurationPlatforms) = postSolution
		{B8D2E782-5528-4784-9776-815BAA6BAABF}.Debug|Any CPU.ActiveCfg = Debug|Any CPU
		{B8D2E782-5528-4784-9776-815BAA6BAABF}.Debug|Any CPU.Build.0 = Debug|Any CPU
		{B8D2E782-5528-4784-9776-815BAA6BAABF}.Release|Any CPU.ActiveCfg = Release|Any CPU
		{B8D2E782-5528-4784-9776-815BAA6BAABF}.Release|Any CPU.Build.0 = Release|Any CPU
	EndGlobalSection
	GlobalSection(SolutionProperties) = preSolution
		HideSolutionNode = FALSE
	EndGlobalSection
	GlobalSection(ExtensibilityGlobals) = postSolution
		SolutionGuid = {3A054EC2-2B4E-4800-8E21-ECF4C813D799}
	EndGlobalSection
EndGlobal
